{
	"name": "mysqlx",
	"version": "1.1.7",
	"lockfileVersion": 1,
	"requires": true,
	"dependencies": {
		"@mysql/xdevapi": {
			"version": "8.0.29",
			"resolved": "https://registry.npmjs.org/@mysql/xdevapi/-/xdevapi-8.0.29.tgz",
			"integrity": "sha512-9E6+g9fKBu2mhLEnYfr+KKRyb5W52Z01NkBrgS3uQA7MweZmlLV/pMlAP27J5GfBsW2okP8gnm3Dkrj0ZhfR2Q==",
			"requires": {
				"google-protobuf": "3.19.4",
				"parsimmon": "1.16.0"
			}
		},
		"@types/lodash": {
			"version": "4.14.155",
			"resolved": "https://registry.npmjs.org/@types/lodash/-/lodash-4.14.155.tgz",
			"integrity": "sha512-vEcX7S7aPhsBCivxMwAANQburHBtfN9RdyXFk84IJmu2Z4Hkg1tOFgaslRiEqqvoLtbCBi6ika1EMspE+NZ9Lg==",
			"dev": true
		},
		"@types/lodash.isboolean": {
			"version": "3.0.7",
			"resolved": "https://registry.npmjs.org/@types/lodash.isboolean/-/lodash.isboolean-3.0.7.tgz",
			"integrity": "sha512-pQkjcu8A9aZPNLTxQ60zWI8Yqs1Qzd6ni8dhcax45oJgWWbiDcwEVAQDwxC+NucW337xhRMLxR1yh+Eb8R2YOQ==",
			"dev": true,
			"requires": {
				"@types/lodash": "*"
			}
		},
		"@types/lodash.isnumber": {
			"version": "3.0.7",
			"resolved": "https://registry.npmjs.org/@types/lodash.isnumber/-/lodash.isnumber-3.0.7.tgz",
			"integrity": "sha512-+XX8YsZ6AzWg6ukTB2g6TdL4gK6wUxIeakYV849gHoTYsb2IH0SyAywfF1xutE/EBbT3CospyfABcl9gZKD23g==",
			"dev": true,
			"requires": {
				"@types/lodash": "*"
			}
		},
		"@types/lodash.isstring": {
			"version": "4.0.7",
			"resolved": "https://registry.npmjs.org/@types/lodash.isstring/-/lodash.isstring-4.0.7.tgz",
			"integrity": "sha512-gt4q4n1Who4JxLeFR/kduS2Tia+biQk/zdbIkOfMvAldXHJdcC5SsvZREchkwa4CwKK+DqhIm3wfigFYzNKS8Q==",
			"dev": true,
			"requires": {
				"@types/lodash": "*"
			}
		},
		"@types/node": {
			"version": "17.0.31",
			"resolved": "https://registry.npmjs.org/@types/node/-/node-17.0.31.tgz",
			"integrity": "sha512-AR0x5HbXGqkEx9CadRH3EBYx/VkiUgZIhP4wvPn/+5KIsgpNoyFaRlVe0Zlx9gRtg8fA06a9tskE2MSN7TcG4Q==",
			"dev": true
		},
		"dotenv": {
			"version": "16.0.0",
			"resolved": "https://registry.npmjs.org/dotenv/-/dotenv-16.0.0.tgz",
			"integrity": "sha512-qD9WU0MPM4SWLPJy/r2Be+2WgQj8plChsyrCNQzW/0WjvcJQiKQJ9mH3ZgB3fxbUUxgc/11ZJ0Fi5KiimWGz2Q==",
			"dev": true
		},
		"google-protobuf": {
			"version": "3.19.4",
			"resolved": "https://registry.npmjs.org/google-protobuf/-/google-protobuf-3.19.4.tgz",
			"integrity": "sha512-OIPNCxsG2lkIvf+P5FNfJ/Km95CsXOBecS9ZcAU6m2Rq3svc0Apl9nB3GMDNKfQ9asNv4KjyAqGwPQFrVle3Yg=="
		},
		"lodash.isboolean": {
			"version": "3.0.3",
			"resolved": "https://registry.npmjs.org/lodash.isboolean/-/lodash.isboolean-3.0.3.tgz",
			"integrity": "sha1-bC4XHbKiV82WgC/UOwGyDV9YcPY="
		},
		"lodash.isnumber": {
			"version": "3.0.3",
			"resolved": "https://registry.npmjs.org/lodash.isnumber/-/lodash.isnumber-3.0.3.tgz",
			"integrity": "sha1-POdoEMWSjQM1IwGsKHMX8RwLH/w="
		},
		"lodash.isstring": {
			"version": "4.0.1",
			"resolved": "https://registry.npmjs.org/lodash.isstring/-/lodash.isstring-4.0.1.tgz",
			"integrity": "sha1-1SfftUVuynzJu5XV2ur4i6VKVFE="
		},
		"parsimmon": {
			"version": "1.16.0",
			"resolved": "https://registry.npmjs.org/parsimmon/-/parsimmon-1.16.0.tgz",
			"integrity": "sha512-tekGDz2Lny27SQ/5DzJdIK0lqsWwZ667SCLFIDCxaZM7VNgQjyKLbaL7FYPKpbjdxNAXFV/mSxkq5D2fnkW4pA=="
		},
		"prettier": {
			"version": "2.6.2",
			"resolved": "https://registry.npmjs.org/prettier/-/prettier-2.6.2.tgz",
			"integrity": "sha512-PkUpF+qoXTqhOeWL9fu7As8LXsIUZ1WYaJiY/a7McAQzxjk82OF0tibkFXVCDImZtWxbvojFjerkiLb0/q8mew==",
			"dev": true
		}
	}
}
