{
	"name": "mysqlx",
	"version": "1.1.7",
	"lockfileVersion": 1,
	"requires": true,
	"dependencies": {
		"@mysql/xdevapi": {
			"version": "8.0.20",
			"resolved": "https://registry.npmjs.org/@mysql/xdevapi/-/xdevapi-8.0.20.tgz",
			"integrity": "sha512-7XIMfrl4S76NV2vkIbiIvdHR75po+LgqokscIdH1Te1bhLFjEIcHnpCiDUXWSK7z1HiJndNnZovg+s5qEs5eNQ==",
			"requires": {
				"google-protobuf": "3.4.0",
				"parsimmon": "1.6.2"
			}
		},
		"@types/lodash": {
			"version": "4.14.155",
			"resolved": "https://registry.npmjs.org/@types/lodash/-/lodash-4.14.155.tgz",
			"integrity": "sha512-vEcX7S7aPhsBCivxMwAANQburHBtfN9RdyXFk84IJmu2Z4Hkg1tOFgaslRiEqqvoLtbCBi6ika1EMspE+NZ9Lg==",
			"dev": true
		},
		"@types/lodash.isboolean": {
			"version": "3.0.6",
			"resolved": "https://registry.npmjs.org/@types/lodash.isboolean/-/lodash.isboolean-3.0.6.tgz",
			"integrity": "sha512-9ommZgIE6GlZW/GuSRIOSJP3X0FkOD2qqt8xBNqUVb/t4L62WiIGCPgIKK2PNfZem7bEZulM0djX9f8IG2Qg3Q==",
			"dev": true,
			"requires": {
				"@types/lodash": "*"
			}
		},
		"@types/lodash.isnumber": {
			"version": "3.0.6",
			"resolved": "https://registry.npmjs.org/@types/lodash.isnumber/-/lodash.isnumber-3.0.6.tgz",
			"integrity": "sha512-nnfRqgijLFBEVu8W6pkHGq4hefaQOMcVwqeY19qIpf4qhV04mczNZvyT4Hc8UjOcnCIXErQG0aqIJedqlbbvVw==",
			"dev": true,
			"requires": {
				"@types/lodash": "*"
			}
		},
		"@types/lodash.isstring": {
			"version": "4.0.6",
			"resolved": "https://registry.npmjs.org/@types/lodash.isstring/-/lodash.isstring-4.0.6.tgz",
			"integrity": "sha512-uUGvF9G1G7jQ5H42Y38GA9rZmUoY8wI/OMSwnW0BZA+Ra0uxzpuQf4CixXl3yG3TvF6LjuduMyt1WvKl+je8QA==",
			"dev": true,
			"requires": {
				"@types/lodash": "*"
			}
		},
		"@types/node": {
			"version": "14.0.13",
			"resolved": "https://registry.npmjs.org/@types/node/-/node-14.0.13.tgz",
			"integrity": "sha512-rouEWBImiRaSJsVA+ITTFM6ZxibuAlTuNOCyxVbwreu6k6+ujs7DfnU9o+PShFhET78pMBl3eH+AGSI5eOTkPA==",
			"dev": true
		},
		"dotenv": {
			"version": "16.0.0",
			"resolved": "https://registry.npmjs.org/dotenv/-/dotenv-16.0.0.tgz",
			"integrity": "sha512-qD9WU0MPM4SWLPJy/r2Be+2WgQj8plChsyrCNQzW/0WjvcJQiKQJ9mH3ZgB3fxbUUxgc/11ZJ0Fi5KiimWGz2Q==",
			"dev": true
		},
		"google-protobuf": {
			"version": "3.4.0",
			"resolved": "https://registry.npmjs.org/google-protobuf/-/google-protobuf-3.4.0.tgz",
			"integrity": "sha512-8gq3CyAZFyHJ5dZ0Du/OztbwxEHhHTNOtfr1cSUQYuW6lsrKjMU2DETvOlxPpYNKZ7zAW4xEE7UWqrTxH7bG6Q=="
		},
		"lodash.isboolean": {
			"version": "3.0.3",
			"resolved": "https://registry.npmjs.org/lodash.isboolean/-/lodash.isboolean-3.0.3.tgz",
			"integrity": "sha1-bC4XHbKiV82WgC/UOwGyDV9YcPY="
		},
		"lodash.isnumber": {
			"version": "3.0.3",
			"resolved": "https://registry.npmjs.org/lodash.isnumber/-/lodash.isnumber-3.0.3.tgz",
			"integrity": "sha1-POdoEMWSjQM1IwGsKHMX8RwLH/w="
		},
		"lodash.isstring": {
			"version": "4.0.1",
			"resolved": "https://registry.npmjs.org/lodash.isstring/-/lodash.isstring-4.0.1.tgz",
			"integrity": "sha1-1SfftUVuynzJu5XV2ur4i6VKVFE="
		},
		"parsimmon": {
			"version": "1.6.2",
			"resolved": "https://registry.npmjs.org/parsimmon/-/parsimmon-1.6.2.tgz",
			"integrity": "sha512-bJNB0ZQhHyM5KqO2Z5ttQAVn/PZ2pccxaOnMcZ0Su7HA1Iv4GQTfUmzSZ6N3jcsCn9F68PZcypAvF3nDRRL+3g=="
		},
		"prettier": {
			"version": "2.0.5",
			"resolved": "https://registry.npmjs.org/prettier/-/prettier-2.0.5.tgz",
			"integrity": "sha512-7PtVymN48hGcO4fGjybyBSIWDsLU4H4XlvOHfq91pz9kkGlonzwTfYkaIEwiRg/dAJF9YlbsduBAgtYLi+8cFg==",
			"dev": true
		}
	}
}
