# THIS IS AN AUTOGENERATED FILE. DO NOT EDIT THIS FILE DIRECTLY.
# yarn lockfile v1


"@mysql/xdevapi@^8.0.19":
  version "8.0.19"
  resolved "https://registry.yarnpkg.com/@mysql/xdevapi/-/xdevapi-8.0.19.tgz#6f30d44070c7ee7513764e4ed70f458366b91a7f"
  integrity sha512-rnC4spN12QgTLauOVGFAF+BLuE7HxgULkqq6IIrsVtT0/JLN7QuBiCw5pvVGvKARgqeSP5TPw7mUsHA3InQ6XA==
  dependencies:
    google-protobuf "3.4.0"
    parsimmon "1.6.2"

"@types/dotenv@^6.1.1":
  version "6.1.1"
  resolved "https://registry.yarnpkg.com/@types/dotenv/-/dotenv-6.1.1.tgz#f7ce1cc4fe34f0a4373ba99fefa437b0bec54b46"
  integrity sha512-ftQl3DtBvqHl9L16tpqqzA4YzCSXZfi7g8cQceTz5rOlYtk/IZbFjAv3mLOQlNIgOaylCQWQoBdDQHPgEBJPHg==
  dependencies:
    "@types/node" "*"

"@types/lodash.isboolean@^3.0.6":
  version "3.0.6"
  resolved "https://registry.yarnpkg.com/@types/lodash.isboolean/-/lodash.isboolean-3.0.6.tgz#f1f716792a72e8a806ac5a150ede55c5d2f25699"
  integrity sha512-9ommZgIE6GlZW/GuSRIOSJP3X0FkOD2qqt8xBNqUVb/t4L62WiIGCPgIKK2PNfZem7bEZulM0djX9f8IG2Qg3Q==
  dependencies:
    "@types/lodash" "*"

"@types/lodash.isnumber@^3.0.6":
  version "3.0.6"
  resolved "https://registry.yarnpkg.com/@types/lodash.isnumber/-/lodash.isnumber-3.0.6.tgz#62661c65330b889bf4c7decc372b330eec2703d8"
  integrity sha512-nnfRqgijLFBEVu8W6pkHGq4hefaQOMcVwqeY19qIpf4qhV04mczNZvyT4Hc8UjOcnCIXErQG0aqIJedqlbbvVw==
  dependencies:
    "@types/lodash" "*"

"@types/lodash.isstring@^4.0.6":
  version "4.0.6"
  resolved "https://registry.yarnpkg.com/@types/lodash.isstring/-/lodash.isstring-4.0.6.tgz#1534d0c19a2ad79caa17558a298e366893ffd08c"
  integrity sha512-uUGvF9G1G7jQ5H42Y38GA9rZmUoY8wI/OMSwnW0BZA+Ra0uxzpuQf4CixXl3yG3TvF6LjuduMyt1WvKl+je8QA==
  dependencies:
    "@types/lodash" "*"

"@types/lodash@*":
  version "4.14.138"
  resolved "https://registry.yarnpkg.com/@types/lodash/-/lodash-4.14.138.tgz#34f52640d7358230308344e579c15b378d91989e"
  integrity sha512-A4uJgHz4hakwNBdHNPdxOTkYmXNgmUAKLbXZ7PKGslgeV0Mb8P3BlbYfPovExek1qnod4pDfRbxuzcVs3dlFLg==

"@types/node@*":
  version "12.7.2"
  resolved "https://registry.yarnpkg.com/@types/node/-/node-12.7.2.tgz#c4e63af5e8823ce9cc3f0b34f7b998c2171f0c44"
  integrity sha512-dyYO+f6ihZEtNPDcWNR1fkoTDf3zAK3lAABDze3mz6POyIercH0lEUawUFXlG8xaQZmm1yEBON/4TsYv/laDYg==

"@types/node@^12.12.28":
  version "12.12.28"
  resolved "https://registry.yarnpkg.com/@types/node/-/node-12.12.28.tgz#3a2b5f8d21f96ace690a8832ae9779114612575f"
  integrity sha512-g73GJYJDXgf0jqg+P9S8h2acWbDXNkoCX8DLtJVu7Fkn788pzQ/oJsrdJz/2JejRf/SjfZaAhsw+3nd1D5EWGg==

dotenv@^8.2.0:
  version "8.2.0"
  resolved "https://registry.yarnpkg.com/dotenv/-/dotenv-8.2.0.tgz#97e619259ada750eea3e4ea3e26bceea5424b16a"
  integrity sha512-8sJ78ElpbDJBHNeBzUbUVLsqKdccaa/BXF1uPTw3GrvQTBgrQrtObr2mUrE38vzYd8cEv+m/JBfDLioYcfXoaw==

google-protobuf@3.4.0:
  version "3.4.0"
  resolved "https://registry.yarnpkg.com/google-protobuf/-/google-protobuf-3.4.0.tgz#58fbe51555a0a56b2dd3fc6f6d869fa21d57ab0a"
  integrity sha512-8gq3CyAZFyHJ5dZ0Du/OztbwxEHhHTNOtfr1cSUQYuW6lsrKjMU2DETvOlxPpYNKZ7zAW4xEE7UWqrTxH7bG6Q==

lodash.isboolean@^3.0.3:
  version "3.0.3"
  resolved "https://registry.yarnpkg.com/lodash.isboolean/-/lodash.isboolean-3.0.3.tgz#6c2e171db2a257cd96802fd43b01b20d5f5870f6"
  integrity sha1-bC4XHbKiV82WgC/UOwGyDV9YcPY=

lodash.isnumber@^3.0.3:
  version "3.0.3"
  resolved "https://registry.yarnpkg.com/lodash.isnumber/-/lodash.isnumber-3.0.3.tgz#3ce76810c5928d03352301ac287317f11c0b1ffc"
  integrity sha1-POdoEMWSjQM1IwGsKHMX8RwLH/w=

lodash.isstring@^4.0.1:
  version "4.0.1"
  resolved "https://registry.yarnpkg.com/lodash.isstring/-/lodash.isstring-4.0.1.tgz#d527dfb5456eca7cc9bb95d5daeaf88ba54a5451"
  integrity sha1-1SfftUVuynzJu5XV2ur4i6VKVFE=

parsimmon@1.6.2:
  version "1.6.2"
  resolved "https://registry.yarnpkg.com/parsimmon/-/parsimmon-1.6.2.tgz#28fbe6b8caa38ab89f52b77f8c7743563c7d9aff"
  integrity sha512-bJNB0ZQhHyM5KqO2Z5ttQAVn/PZ2pccxaOnMcZ0Su7HA1Iv4GQTfUmzSZ6N3jcsCn9F68PZcypAvF3nDRRL+3g==

prettier@^1.19.1:
  version "1.19.1"
  resolved "https://registry.yarnpkg.com/prettier/-/prettier-1.19.1.tgz#f7d7f5ff8a9cd872a7be4ca142095956a60797cb"
  integrity sha512-s7PoyDv/II1ObgQunCbB9PdLmUcBZcnWOcxDh7O0N/UwDEsHyqkW+Qh28jW+mVuCdx7gLB0BotYI1Y6uI9iyew==
